// !$*UTF8*$!
{
	archiveVersion = 1;
	classes = {
	};
	objectVersion = 50;
	objects = {

/* Begin PBXBuildFile section */
		1C365B93229F126000D1DBB1 /* GoogleService-Info.plist in Resources */ = {isa = PBXBuildFile; fileRef = 1C365B92229F126000D1DBB1 /* GoogleService-Info.plist */; };
		1C48D36122A7A6E2007C61D9 /* ImageLoad.swift in Sources */ = {isa = PBXBuildFile; fileRef = 1C48D36022A7A6E2007C61D9 /* ImageLoad.swift */; };
		1C5FADFD229C4C84005A5678 /* class.swift in Sources */ = {isa = PBXBuildFile; fileRef = 1C5FADFC229C4C84005A5678 /* class.swift */; };
		1C5FADFF229D3420005A5678 /* Handle.swift in Sources */ = {isa = PBXBuildFile; fileRef = 1C5FADFE229D3420005A5678 /* Handle.swift */; };
		1C70C916229960A8008FF484 /* DetailViewController.swift in Sources */ = {isa = PBXBuildFile; fileRef = 1C70C915229960A8008FF484 /* DetailViewController.swift */; };
		1C8028B822AF953E00C95D13 /* CustomTextField.swift in Sources */ = {isa = PBXBuildFile; fileRef = 1C8028B722AF953E00C95D13 /* CustomTextField.swift */; };
		1C8028BC22AFDA2900C95D13 /* UploadImage.swift in Sources */ = {isa = PBXBuildFile; fileRef = 1C8028BB22AFDA2900C95D13 /* UploadImage.swift */; };
		1C8028BE22AFDEAE00C95D13 /* DatabaseSwitch.swift in Sources */ = {isa = PBXBuildFile; fileRef = 1C8028BD22AFDEAE00C95D13 /* DatabaseSwitch.swift */; };
		1C8028C122AFE0C500C95D13 /* DatabaseSnapshot.swift in Sources */ = {isa = PBXBuildFile; fileRef = 1C8028C022AFE0C500C95D13 /* DatabaseSnapshot.swift */; };
		1CB2CE4B2297D408009F67CB /* AppDelegate.swift in Sources */ = {isa = PBXBuildFile; fileRef = 1CB2CE4A2297D408009F67CB /* AppDelegate.swift */; };
		1CB2CE4D2297D408009F67CB /* ViewController.swift in Sources */ = {isa = PBXBuildFile; fileRef = 1CB2CE4C2297D408009F67CB /* ViewController.swift */; };
		1CB2CE502297D408009F67CB /* Main.storyboard in Resources */ = {isa = PBXBuildFile; fileRef = 1CB2CE4E2297D408009F67CB /* Main.storyboard */; };
		1CB2CE522297D408009F67CB /* Assets.xcassets in Resources */ = {isa = PBXBuildFile; fileRef = 1CB2CE512297D408009F67CB /* Assets.xcassets */; };
		1CB2CE552297D408009F67CB /* LaunchScreen.storyboard in Resources */ = {isa = PBXBuildFile; fileRef = 1CB2CE532297D408009F67CB /* LaunchScreen.storyboard */; };
		1CB2CE602297D408009F67CB /* contactsTests.swift in Sources */ = {isa = PBXBuildFile; fileRef = 1CB2CE5F2297D408009F67CB /* contactsTests.swift */; };
		1CB2CE6B2297D408009F67CB /* contactsUITests.swift in Sources */ = {isa = PBXBuildFile; fileRef = 1CB2CE6A2297D408009F67CB /* contactsUITests.swift */; };
		1CB2CE792297DA74009F67CB /* u4154.png in Resources */ = {isa = PBXBuildFile; fileRef = 1CB2CE782297DA74009F67CB /* u4154.png */; };
		1CB2CE7D2297DBA3009F67CB /* ContactTableViewCell.swift in Sources */ = {isa = PBXBuildFile; fileRef = 1CB2CE7C2297DBA3009F67CB /* ContactTableViewCell.swift */; };
		EF8BE45D171507B9F28014D6 /* Pods_contacts.framework in Frameworks */ = {isa = PBXBuildFile; fileRef = A053043C7838EF5ED5E8D13F /* Pods_contacts.framework */; };
/* End PBXBuildFile section */

/* Begin PBXContainerItemProxy section */
		1CB2CE5C2297D408009F67CB /* PBXContainerItemProxy */ = {
			isa = PBXContainerItemProxy;
			containerPortal = 1CB2CE3F2297D408009F67CB /* Project object */;
			proxyType = 1;
			remoteGlobalIDString = 1CB2CE462297D408009F67CB;
			remoteInfo = contacts;
		};
		1CB2CE672297D408009F67CB /* PBXContainerItemProxy */ = {
			isa = PBXContainerItemProxy;
			containerPortal = 1CB2CE3F2297D408009F67CB /* Project object */;
			proxyType = 1;
			remoteGlobalIDString = 1CB2CE462297D408009F67CB;
			remoteInfo = contacts;
		};
/* End PBXContainerItemProxy section */

/* Begin PBXFileReference section */
		018906D4C195AF888A3D94DF /* Pods-contacts.release.xcconfig */ = {isa = PBXFileReference; includeInIndex = 1; lastKnownFileType = text.xcconfig; name = "Pods-contacts.release.xcconfig"; path = "Target Support Files/Pods-contacts/Pods-contacts.release.xcconfig"; sourceTree = "<group>"; };
		1C365B92229F126000D1DBB1 /* GoogleService-Info.plist */ = {isa = PBXFileReference; fileEncoding = 4; lastKnownFileType = text.plist.xml; name = "GoogleService-Info.plist"; path = "../../../Downloads/GoogleService-Info.plist"; sourceTree = "<group>"; };
		1C48D36022A7A6E2007C61D9 /* ImageLoad.swift */ = {isa = PBXFileReference; lastKnownFileType = sourcecode.swift; path = ImageLoad.swift; sourceTree = "<group>"; };
		1C5FADFC229C4C84005A5678 /* class.swift */ = {isa = PBXFileReference; lastKnownFileType = sourcecode.swift; path = class.swift; sourceTree = "<group>"; };
		1C5FADFE229D3420005A5678 /* Handle.swift */ = {isa = PBXFileReference; lastKnownFileType = sourcecode.swift; path = Handle.swift; sourceTree = "<group>"; };
		1C70C915229960A8008FF484 /* DetailViewController.swift */ = {isa = PBXFileReference; lastKnownFileType = sourcecode.swift; path = DetailViewController.swift; sourceTree = "<group>"; };
		1C8028B722AF953E00C95D13 /* CustomTextField.swift */ = {isa = PBXFileReference; lastKnownFileType = sourcecode.swift; path = CustomTextField.swift; sourceTree = "<group>"; };
		1C8028BB22AFDA2900C95D13 /* UploadImage.swift */ = {isa = PBXFileReference; lastKnownFileType = sourcecode.swift; path = UploadImage.swift; sourceTree = "<group>"; };
		1C8028BD22AFDEAE00C95D13 /* DatabaseSwitch.swift */ = {isa = PBXFileReference; lastKnownFileType = sourcecode.swift; path = DatabaseSwitch.swift; sourceTree = "<group>"; };
		1C8028C022AFE0C500C95D13 /* DatabaseSnapshot.swift */ = {isa = PBXFileReference; lastKnownFileType = sourcecode.swift; path = DatabaseSnapshot.swift; sourceTree = "<group>"; };
		1CB2CE472297D408009F67CB /* contacts.app */ = {isa = PBXFileReference; explicitFileType = wrapper.application; includeInIndex = 0; path = contacts.app; sourceTree = BUILT_PRODUCTS_DIR; };
		1CB2CE4A2297D408009F67CB /* AppDelegate.swift */ = {isa = PBXFileReference; lastKnownFileType = sourcecode.swift; path = AppDelegate.swift; sourceTree = "<group>"; };
		1CB2CE4C2297D408009F67CB /* ViewController.swift */ = {isa = PBXFileReference; lastKnownFileType = sourcecode.swift; path = ViewController.swift; sourceTree = "<group>"; };
		1CB2CE4F2297D408009F67CB /* Base */ = {isa = PBXFileReference; lastKnownFileType = file.storyboard; name = Base; path = Base.lproj/Main.storyboard; sourceTree = "<group>"; };
		1CB2CE512297D408009F67CB /* Assets.xcassets */ = {isa = PBXFileReference; lastKnownFileType = folder.assetcatalog; path = Assets.xcassets; sourceTree = "<group>"; };
		1CB2CE542297D408009F67CB /* Base */ = {isa = PBXFileReference; lastKnownFileType = file.storyboard; name = Base; path = Base.lproj/LaunchScreen.storyboard; sourceTree = "<group>"; };
		1CB2CE562297D408009F67CB /* Info.plist */ = {isa = PBXFileReference; lastKnownFileType = text.plist.xml; path = Info.plist; sourceTree = "<group>"; };
		1CB2CE5B2297D408009F67CB /* contactsTests.xctest */ = {isa = PBXFileReference; explicitFileType = wrapper.cfbundle; includeInIndex = 0; path = contactsTests.xctest; sourceTree = BUILT_PRODUCTS_DIR; };
		1CB2CE5F2297D408009F67CB /* contactsTests.swift */ = {isa = PBXFileReference; lastKnownFileType = sourcecode.swift; path = contactsTests.swift; sourceTree = "<group>"; };
		1CB2CE612297D408009F67CB /* Info.plist */ = {isa = PBXFileReference; lastKnownFileType = text.plist.xml; path = Info.plist; sourceTree = "<group>"; };
		1CB2CE662297D408009F67CB /* contactsUITests.xctest */ = {isa = PBXFileReference; explicitFileType = wrapper.cfbundle; includeInIndex = 0; path = contactsUITests.xctest; sourceTree = BUILT_PRODUCTS_DIR; };
		1CB2CE6A2297D408009F67CB /* contactsUITests.swift */ = {isa = PBXFileReference; lastKnownFileType = sourcecode.swift; path = contactsUITests.swift; sourceTree = "<group>"; };
		1CB2CE6C2297D408009F67CB /* Info.plist */ = {isa = PBXFileReference; lastKnownFileType = text.plist.xml; path = Info.plist; sourceTree = "<group>"; };
		1CB2CE782297DA74009F67CB /* u4154.png */ = {isa = PBXFileReference; lastKnownFileType = image.png; path = u4154.png; sourceTree = "<group>"; };
		1CB2CE7C2297DBA3009F67CB /* ContactTableViewCell.swift */ = {isa = PBXFileReference; lastKnownFileType = sourcecode.swift; path = ContactTableViewCell.swift; sourceTree = "<group>"; };
		8B8C1767139EFC9283985B0A /* Pods-contacts.debug.xcconfig */ = {isa = PBXFileReference; includeInIndex = 1; lastKnownFileType = text.xcconfig; name = "Pods-contacts.debug.xcconfig"; path = "Target Support Files/Pods-contacts/Pods-contacts.debug.xcconfig"; sourceTree = "<group>"; };
		A053043C7838EF5ED5E8D13F /* Pods_contacts.framework */ = {isa = PBXFileReference; explicitFileType = wrapper.framework; includeInIndex = 0; path = Pods_contacts.framework; sourceTree = BUILT_PRODUCTS_DIR; };
/* End PBXFileReference section */

/* Begin PBXFrameworksBuildPhase section */
		1CB2CE442297D408009F67CB /* Frameworks */ = {
			isa = PBXFrameworksBuildPhase;
			buildActionMask = 2147483647;
			files = (
				EF8BE45D171507B9F28014D6 /* Pods_contacts.framework in Frameworks */,
			);
			runOnlyForDeploymentPostprocessing = 0;
		};
		1CB2CE582297D408009F67CB /* Frameworks */ = {
			isa = PBXFrameworksBuildPhase;
			buildActionMask = 2147483647;
			files = (
			);
			runOnlyForDeploymentPostprocessing = 0;
		};
		1CB2CE632297D408009F67CB /* Frameworks */ = {
			isa = PBXFrameworksBuildPhase;
			buildActionMask = 2147483647;
			files = (
			);
			runOnlyForDeploymentPostprocessing = 0;
		};
/* End PBXFrameworksBuildPhase section */

/* Begin PBXGroup section */
		10A30A5DCD01BF8830686322 /* Frameworks */ = {
			isa = PBXGroup;
			children = (
				A053043C7838EF5ED5E8D13F /* Pods_contacts.framework */,
			);
			name = Frameworks;
			sourceTree = "<group>";
		};
		1C5FADFB229C4C5C005A5678 /* model */ = {
			isa = PBXGroup;
			children = (
				1C5FADFC229C4C84005A5678 /* class.swift */,
				1C8028B722AF953E00C95D13 /* CustomTextField.swift */,
				1C8028BB22AFDA2900C95D13 /* UploadImage.swift */,
			);
			name = model;
			path = "New Group";
			sourceTree = "<group>";
		};
		1C8028BF22AFE0AC00C95D13 /* Database */ = {
			isa = PBXGroup;
			children = (
				1C8028BD22AFDEAE00C95D13 /* DatabaseSwitch.swift */,
				1C8028C022AFE0C500C95D13 /* DatabaseSnapshot.swift */,
			);
			path = Database;
			sourceTree = "<group>";
		};
		1CB2CE3E2297D408009F67CB = {
			isa = PBXGroup;
			children = (
				1CB2CE492297D408009F67CB /* contacts */,
				1CB2CE5E2297D408009F67CB /* contactsTests */,
				1CB2CE692297D408009F67CB /* contactsUITests */,
				1CB2CE482297D408009F67CB /* Products */,
				8FAD7761222EAB1BB5915470 /* Pods */,
				10A30A5DCD01BF8830686322 /* Frameworks */,
			);
			sourceTree = "<group>";
		};
		1CB2CE482297D408009F67CB /* Products */ = {
			isa = PBXGroup;
			children = (
				1CB2CE472297D408009F67CB /* contacts.app */,
				1CB2CE5B2297D408009F67CB /* contactsTests.xctest */,
				1CB2CE662297D408009F67CB /* contactsUITests.xctest */,
			);
			name = Products;
			sourceTree = "<group>";
		};
		1CB2CE492297D408009F67CB /* contacts */ = {
			isa = PBXGroup;
			children = (
				1C8028BF22AFE0AC00C95D13 /* Database */,
				1C5FADFB229C4C5C005A5678 /* model */,
				1CB2CE4A2297D408009F67CB /* AppDelegate.swift */,
				1CB2CE7C2297DBA3009F67CB /* ContactTableViewCell.swift */,
				1CB2CE4C2297D408009F67CB /* ViewController.swift */,
				1C5FADFE229D3420005A5678 /* Handle.swift */,
				1C48D36022A7A6E2007C61D9 /* ImageLoad.swift */,
				1C70C915229960A8008FF484 /* DetailViewController.swift */,
				1CB2CE782297DA74009F67CB /* u4154.png */,
				1CB2CE4E2297D408009F67CB /* Main.storyboard */,
				1CB2CE512297D408009F67CB /* Assets.xcassets */,
				1CB2CE532297D408009F67CB /* LaunchScreen.storyboard */,
				1C365B92229F126000D1DBB1 /* GoogleService-Info.plist */,
				1CB2CE562297D408009F67CB /* Info.plist */,
			);
			path = contacts;
			sourceTree = "<group>";
		};
		1CB2CE5E2297D408009F67CB /* contactsTests */ = {
			isa = PBXGroup;
			children = (
				1CB2CE5F2297D408009F67CB /* contactsTests.swift */,
				1CB2CE612297D408009F67CB /* Info.plist */,
			);
			path = contactsTests;
			sourceTree = "<group>";
		};
		1CB2CE692297D408009F67CB /* contactsUITests */ = {
			isa = PBXGroup;
			children = (
				1CB2CE6A2297D408009F67CB /* contactsUITests.swift */,
				1CB2CE6C2297D408009F67CB /* Info.plist */,
			);
			path = contactsUITests;
			sourceTree = "<group>";
		};
		8FAD7761222EAB1BB5915470 /* Pods */ = {
			isa = PBXGroup;
			children = (
				8B8C1767139EFC9283985B0A /* Pods-contacts.debug.xcconfig */,
				018906D4C195AF888A3D94DF /* Pods-contacts.release.xcconfig */,
			);
			path = Pods;
			sourceTree = "<group>";
		};
/* End PBXGroup section */

/* Begin PBXNativeTarget section */
		1CB2CE462297D408009F67CB /* contacts */ = {
			isa = PBXNativeTarget;
			buildConfigurationList = 1CB2CE6F2297D408009F67CB /* Build configuration list for PBXNativeTarget "contacts" */;
			buildPhases = (
				970194A72AC36857A5A8E2A8 /* [CP] Check Pods Manifest.lock */,
				1CB2CE432297D408009F67CB /* Sources */,
				1CB2CE442297D408009F67CB /* Frameworks */,
				1CB2CE452297D408009F67CB /* Resources */,
				FCE9EE6F45AAD6413DD6CE64 /* [CP] Embed Pods Frameworks */,
			);
			buildRules = (
			);
			dependencies = (
			);
			name = contacts;
			productName = contacts;
			productReference = 1CB2CE472297D408009F67CB /* contacts.app */;
			productType = "com.apple.product-type.application";
		};
		1CB2CE5A2297D408009F67CB /* contactsTests */ = {
			isa = PBXNativeTarget;
			buildConfigurationList = 1CB2CE722297D408009F67CB /* Build configuration list for PBXNativeTarget "contactsTests" */;
			buildPhases = (
				1CB2CE572297D408009F67CB /* Sources */,
				1CB2CE582297D408009F67CB /* Frameworks */,
				1CB2CE592297D408009F67CB /* Resources */,
			);
			buildRules = (
			);
			dependencies = (
				1CB2CE5D2297D408009F67CB /* PBXTargetDependency */,
			);
			name = contactsTests;
			productName = contactsTests;
			productReference = 1CB2CE5B2297D408009F67CB /* contactsTests.xctest */;
			productType = "com.apple.product-type.bundle.unit-test";
		};
		1CB2CE652297D408009F67CB /* contactsUITests */ = {
			isa = PBXNativeTarget;
			buildConfigurationList = 1CB2CE752297D408009F67CB /* Build configuration list for PBXNativeTarget "contactsUITests" */;
			buildPhases = (
				1CB2CE622297D408009F67CB /* Sources */,
				1CB2CE632297D408009F67CB /* Frameworks */,
				1CB2CE642297D408009F67CB /* Resources */,
			);
			buildRules = (
			);
			dependencies = (
				1CB2CE682297D408009F67CB /* PBXTargetDependency */,
			);
			name = contactsUITests;
			productName = contactsUITests;
			productReference = 1CB2CE662297D408009F67CB /* contactsUITests.xctest */;
			productType = "com.apple.product-type.bundle.ui-testing";
		};
/* End PBXNativeTarget section */

/* Begin PBXProject section */
		1CB2CE3F2297D408009F67CB /* Project object */ = {
			isa = PBXProject;
			attributes = {
				LastSwiftUpdateCheck = 1010;
				LastUpgradeCheck = 1010;
				ORGANIZATIONNAME = "Веригин С.И.";
				TargetAttributes = {
					1CB2CE462297D408009F67CB = {
						CreatedOnToolsVersion = 10.1;
					};
					1CB2CE5A2297D408009F67CB = {
						CreatedOnToolsVersion = 10.1;
						TestTargetID = 1CB2CE462297D408009F67CB;
					};
					1CB2CE652297D408009F67CB = {
						CreatedOnToolsVersion = 10.1;
						TestTargetID = 1CB2CE462297D408009F67CB;
					};
				};
			};
			buildConfigurationList = 1CB2CE422297D408009F67CB /* Build configuration list for PBXProject "contacts" */;
			compatibilityVersion = "Xcode 9.3";
			developmentRegion = en;
			hasScannedForEncodings = 0;
			knownRegions = (
				en,
				Base,
			);
			mainGroup = 1CB2CE3E2297D408009F67CB;
			productRefGroup = 1CB2CE482297D408009F67CB /* Products */;
			projectDirPath = "";
			projectRoot = "";
			targets = (
				1CB2CE462297D408009F67CB /* contacts */,
				1CB2CE5A2297D408009F67CB /* contactsTests */,
				1CB2CE652297D408009F67CB /* contactsUITests */,
			);
		};
/* End PBXProject section */

/* Begin PBXResourcesBuildPhase section */
		1CB2CE452297D408009F67CB /* Resources */ = {
			isa = PBXResourcesBuildPhase;
			buildActionMask = 2147483647;
			files = (
				1CB2CE552297D408009F67CB /* LaunchScreen.storyboard in Resources */,
				1CB2CE522297D408009F67CB /* Assets.xcassets in Resources */,
				1C365B93229F126000D1DBB1 /* GoogleService-Info.plist in Resources */,
				1CB2CE502297D408009F67CB /* Main.storyboard in Resources */,
				1CB2CE792297DA74009F67CB /* u4154.png in Resources */,
			);
			runOnlyForDeploymentPostprocessing = 0;
		};
		1CB2CE592297D408009F67CB /* Resources */ = {
			isa = PBXResourcesBuildPhase;
			buildActionMask = 2147483647;
			files = (
			);
			runOnlyForDeploymentPostprocessing = 0;
		};
		1CB2CE642297D408009F67CB /* Resources */ = {
			isa = PBXResourcesBuildPhase;
			buildActionMask = 2147483647;
			files = (
			);
			runOnlyForDeploymentPostprocessing = 0;
		};
/* End PBXResourcesBuildPhase section */

/* Begin PBXShellScriptBuildPhase section */
		970194A72AC36857A5A8E2A8 /* [CP] Check Pods Manifest.lock */ = {
			isa = PBXShellScriptBuildPhase;
			buildActionMask = 2147483647;
			files = (
			);
			inputFileListPaths = (
			);
			inputPaths = (
				"${PODS_PODFILE_DIR_PATH}/Podfile.lock",
				"${PODS_ROOT}/Manifest.lock",
			);
			name = "[CP] Check Pods Manifest.lock";
			outputFileListPaths = (
			);
			outputPaths = (
				"$(DERIVED_FILE_DIR)/Pods-contacts-checkManifestLockResult.txt",
			);
			runOnlyForDeploymentPostprocessing = 0;
			shellPath = /bin/sh;
			shellScript = "diff \"${PODS_PODFILE_DIR_PATH}/Podfile.lock\" \"${PODS_ROOT}/Manifest.lock\" > /dev/null\nif [ $? != 0 ] ; then\n    # print error to STDERR\n    echo \"error: The sandbox is not in sync with the Podfile.lock. Run 'pod install' or update your CocoaPods installation.\" >&2\n    exit 1\nfi\n# This output is used by Xcode 'outputs' to avoid re-running this script phase.\necho \"SUCCESS\" > \"${SCRIPT_OUTPUT_FILE_0}\"\n";
			showEnvVarsInLog = 0;
		};
		FCE9EE6F45AAD6413DD6CE64 /* [CP] Embed Pods Frameworks */ = {
			isa = PBXShellScriptBuildPhase;
			buildActionMask = 2147483647;
			files = (
			);
			inputFileListPaths = (
			);
			inputPaths = (
				"${PODS_ROOT}/Target Support Files/Pods-contacts/Pods-contacts-frameworks.sh",
				"${BUILT_PRODUCTS_DIR}/GTMSessionFetcher/GTMSessionFetcher.framework",
				"${BUILT_PRODUCTS_DIR}/GoogleUtilities/GoogleUtilities.framework",
				"${BUILT_PRODUCTS_DIR}/leveldb-library/leveldb.framework",
				"${BUILT_PRODUCTS_DIR}/nanopb/nanopb.framework",
			);
			name = "[CP] Embed Pods Frameworks";
			outputFileListPaths = (
			);
			outputPaths = (
				"${TARGET_BUILD_DIR}/${FRAMEWORKS_FOLDER_PATH}/GTMSessionFetcher.framework",
				"${TARGET_BUILD_DIR}/${FRAMEWORKS_FOLDER_PATH}/GoogleUtilities.framework",
				"${TARGET_BUILD_DIR}/${FRAMEWORKS_FOLDER_PATH}/leveldb.framework",
				"${TARGET_BUILD_DIR}/${FRAMEWORKS_FOLDER_PATH}/nanopb.framework",
			);
			runOnlyForDeploymentPostprocessing = 0;
			shellPath = /bin/sh;
			shellScript = "\"${PODS_ROOT}/Target Support Files/Pods-contacts/Pods-contacts-frameworks.sh\"\n";
			showEnvVarsInLog = 0;
		};
/* End PBXShellScriptBuildPhase section */

/* Begin PBXSourcesBuildPhase section */
		1CB2CE432297D408009F67CB /* Sources */ = {
			isa = PBXSourcesBuildPhase;
			buildActionMask = 2147483647;
			files = (
				1CB2CE7D2297DBA3009F67CB /* ContactTableViewCell.swift in Sources */,
				1C8028BC22AFDA2900C95D13 /* UploadImage.swift in Sources */,
				1CB2CE4D2297D408009F67CB /* ViewController.swift in Sources */,
				1C5FADFD229C4C84005A5678 /* class.swift in Sources */,
				1CB2CE4B2297D408009F67CB /* AppDelegate.swift in Sources */,
				1C8028B822AF953E00C95D13 /* CustomTextField.swift in Sources */,
				1C70C916229960A8008FF484 /* DetailViewController.swift in Sources */,
				1C8028C122AFE0C500C95D13 /* DatabaseSnapshot.swift in Sources */,
				1C5FADFF229D3420005A5678 /* Handle.swift in Sources */,
				1C8028BE22AFDEAE00C95D13 /* DatabaseSwitch.swift in Sources */,
				1C48D36122A7A6E2007C61D9 /* ImageLoad.swift in Sources */,
			);
			runOnlyForDeploymentPostprocessing = 0;
		};
		1CB2CE572297D408009F67CB /* Sources */ = {
			isa = PBXSourcesBuildPhase;
			buildActionMask = 2147483647;
			files = (
				1CB2CE602297D408009F67CB /* contactsTests.swift in Sources */,
			);
			runOnlyForDeploymentPostprocessing = 0;
		};
		1CB2CE622297D408009F67CB /* Sources */ = {
			isa = PBXSourcesBuildPhase;
			buildActionMask = 2147483647;
			files = (
				1CB2CE6B2297D408009F67CB /* contactsUITests.swift in Sources */,
			);
			runOnlyForDeploymentPostprocessing = 0;
		};
/* End PBXSourcesBuildPhase section */

/* Begin PBXTargetDependency section */
		1CB2CE5D2297D408009F67CB /* PBXTargetDependency */ = {
			isa = PBXTargetDependency;
			target = 1CB2CE462297D408009F67CB /* contacts */;
			targetProxy = 1CB2CE5C2297D408009F67CB /* PBXContainerItemProxy */;
		};
		1CB2CE682297D408009F67CB /* PBXTargetDependency */ = {
			isa = PBXTargetDependency;
			target = 1CB2CE462297D408009F67CB /* contacts */;
			targetProxy = 1CB2CE672297D408009F67CB /* PBXContainerItemProxy */;
		};
/* End PBXTargetDependency section */

/* Begin PBXVariantGroup section */
		1CB2CE4E2297D408009F67CB /* Main.storyboard */ = {
			isa = PBXVariantGroup;
			children = (
				1CB2CE4F2297D408009F67CB /* Base */,
			);
			name = Main.storyboard;
			sourceTree = "<group>";
		};
		1CB2CE532297D408009F67CB /* LaunchScreen.storyboard */ = {
			isa = PBXVariantGroup;
			children = (
				1CB2CE542297D408009F67CB /* Base */,
			);
			name = LaunchScreen.storyboard;
			sourceTree = "<group>";
		};
/* End PBXVariantGroup section */

/* Begin XCBuildConfiguration section */
		1CB2CE6D2297D408009F67CB /* Debug */ = {
			isa = XCBuildConfiguration;
			buildSettings = {
				ALWAYS_SEARCH_USER_PATHS = NO;
				CLANG_ANALYZER_NONNULL = YES;
				CLANG_ANALYZER_NUMBER_OBJECT_CONVERSION = YES_AGGRESSIVE;
				CLANG_CXX_LANGUAGE_STANDARD = "gnu++14";
				CLANG_CXX_LIBRARY = "libc++";
				CLANG_ENABLE_MODULES = YES;
				CLANG_ENABLE_OBJC_ARC = YES;
				CLANG_ENABLE_OBJC_WEAK = YES;
				CLANG_WARN_BLOCK_CAPTURE_AUTORELEASING = YES;
				CLANG_WARN_BOOL_CONVERSION = YES;
				CLANG_WARN_COMMA = YES;
				CLANG_WARN_CONSTANT_CONVERSION = YES;
				CLANG_WARN_DEPRECATED_OBJC_IMPLEMENTATIONS = YES;
				CLANG_WARN_DIRECT_OBJC_ISA_USAGE = YES_ERROR;
				CLANG_WARN_DOCUMENTATION_COMMENTS = YES;
				CLANG_WARN_EMPTY_BODY = YES;
				CLANG_WARN_ENUM_CONVERSION = YES;
				CLANG_WARN_INFINITE_RECURSION = YES;
				CLANG_WARN_INT_CONVERSION = YES;
				CLANG_WARN_NON_LITERAL_NULL_CONVERSION = YES;
				CLANG_WARN_OBJC_IMPLICIT_RETAIN_SELF = YES;
				CLANG_WARN_OBJC_LITERAL_CONVERSION = YES;
				CLANG_WARN_OBJC_ROOT_CLASS = YES_ERROR;
				CLANG_WARN_RANGE_LOOP_ANALYSIS = YES;
				CLANG_WARN_STRICT_PROTOTYPES = YES;
				CLANG_WARN_SUSPICIOUS_MOVE = YES;
				CLANG_WARN_UNGUARDED_AVAILABILITY = YES_AGGRESSIVE;
				CLANG_WARN_UNREACHABLE_CODE = YES;
				CLANG_WARN__DUPLICATE_METHOD_MATCH = YES;
				CODE_SIGN_IDENTITY = "iPhone Developer";
				COPY_PHASE_STRIP = NO;
				DEBUG_INFORMATION_FORMAT = dwarf;
				ENABLE_STRICT_OBJC_MSGSEND = YES;
				ENABLE_TESTABILITY = YES;
				GCC_C_LANGUAGE_STANDARD = gnu11;
				GCC_DYNAMIC_NO_PIC = NO;
				GCC_NO_COMMON_BLOCKS = YES;
				GCC_OPTIMIZATION_LEVEL = 0;
				GCC_PREPROCESSOR_DEFINITIONS = (
					"DEBUG=1",
					"$(inherited)",
				);
				GCC_WARN_64_TO_32_BIT_CONVERSION = YES;
				GCC_WARN_ABOUT_RETURN_TYPE = YES_ERROR;
				GCC_WARN_UNDECLARED_SELECTOR = YES;
				GCC_WARN_UNINITIALIZED_AUTOS = YES_AGGRESSIVE;
				GCC_WARN_UNUSED_FUNCTION = YES;
				GCC_WARN_UNUSED_VARIABLE = YES;
				IPHONEOS_DEPLOYMENT_TARGET = 12.1;
				MTL_ENABLE_DEBUG_INFO = INCLUDE_SOURCE;
				MTL_FAST_MATH = YES;
				ONLY_ACTIVE_ARCH = YES;
				SDKROOT = iphoneos;
				SWIFT_ACTIVE_COMPILATION_CONDITIONS = DEBUG;
				SWIFT_OPTIMIZATION_LEVEL = "-Onone";
			};
			name = Debug;
		};
		1CB2CE6E2297D408009F67CB /* Release */ = {
			isa = XCBuildConfiguration;
			buildSettings = {
				ALWAYS_SEARCH_USER_PATHS = NO;
				CLANG_ANALYZER_NONNULL = YES;
				CLANG_ANALYZER_NUMBER_OBJECT_CONVERSION = YES_AGGRESSIVE;
				CLANG_CXX_LANGUAGE_STANDARD = "gnu++14";
				CLANG_CXX_LIBRARY = "libc++";
				CLANG_ENABLE_MODULES = YES;
				CLANG_ENABLE_OBJC_ARC = YES;
				CLANG_ENABLE_OBJC_WEAK = YES;
				CLANG_WARN_BLOCK_CAPTURE_AUTORELEASING = YES;
				CLANG_WARN_BOOL_CONVERSION = YES;
				CLANG_WARN_COMMA = YES;
				CLANG_WARN_CONSTANT_CONVERSION = YES;
				CLANG_WARN_DEPRECATED_OBJC_IMPLEMENTATIONS = YES;
				CLANG_WARN_DIRECT_OBJC_ISA_USAGE = YES_ERROR;
				CLANG_WARN_DOCUMENTATION_COMMENTS = YES;
				CLANG_WARN_EMPTY_BODY = YES;
				CLANG_WARN_ENUM_CONVERSION = YES;
				CLANG_WARN_INFINITE_RECURSION = YES;
				CLANG_WARN_INT_CONVERSION = YES;
				CLANG_WARN_NON_LITERAL_NULL_CONVERSION = YES;
				CLANG_WARN_OBJC_IMPLICIT_RETAIN_SELF = YES;
				CLANG_WARN_OBJC_LITERAL_CONVERSION = YES;
				CLANG_WARN_OBJC_ROOT_CLASS = YES_ERROR;
				CLANG_WARN_RANGE_LOOP_ANALYSIS = YES;
				CLANG_WARN_STRICT_PROTOTYPES = YES;
				CLANG_WARN_SUSPICIOUS_MOVE = YES;
				CLANG_WARN_UNGUARDED_AVAILABILITY = YES_AGGRESSIVE;
				CLANG_WARN_UNREACHABLE_CODE = YES;
				CLANG_WARN__DUPLICATE_METHOD_MATCH = YES;
				CODE_SIGN_IDENTITY = "iPhone Developer";
				COPY_PHASE_STRIP = NO;
				DEBUG_INFORMATION_FORMAT = "dwarf-with-dsym";
				ENABLE_NS_ASSERTIONS = NO;
				ENABLE_STRICT_OBJC_MSGSEND = YES;
				GCC_C_LANGUAGE_STANDARD = gnu11;
				GCC_NO_COMMON_BLOCKS = YES;
				GCC_WARN_64_TO_32_BIT_CONVERSION = YES;
				GCC_WARN_ABOUT_RETURN_TYPE = YES_ERROR;
				GCC_WARN_UNDECLARED_SELECTOR = YES;
				GCC_WARN_UNINITIALIZED_AUTOS = YES_AGGRESSIVE;
				GCC_WARN_UNUSED_FUNCTION = YES;
				GCC_WARN_UNUSED_VARIABLE = YES;
				IPHONEOS_DEPLOYMENT_TARGET = 12.1;
				MTL_ENABLE_DEBUG_INFO = NO;
				MTL_FAST_MATH = YES;
				SDKROOT = iphoneos;
				SWIFT_COMPILATION_MODE = wholemodule;
				SWIFT_OPTIMIZATION_LEVEL = "-O";
				VALIDATE_PRODUCT = YES;
			};
			name = Release;
		};
		1CB2CE702297D408009F67CB /* Debug */ = {
			isa = XCBuildConfiguration;
			baseConfigurationReference = 8B8C1767139EFC9283985B0A /* Pods-contacts.debug.xcconfig */;
			buildSettings = {
				ASSETCATALOG_COMPILER_APPICON_NAME = AppIcon;
				CODE_SIGN_STYLE = Automatic;
				DEVELOPMENT_TEAM = T62JBBV3UG;
				INFOPLIST_FILE = contacts/Info.plist;
				IPHONEOS_DEPLOYMENT_TARGET = 11.0;
				LD_RUNPATH_SEARCH_PATHS = (
					"$(inherited)",
					"@executable_path/Frameworks",
				);
				PRODUCT_BUNDLE_IDENTIFIER = business.contacts;
				PRODUCT_NAME = "$(TARGET_NAME)";
				SWIFT_VERSION = 4.2;
				TARGETED_DEVICE_FAMILY = "1,2";
			};
			name = Debug;
		};
		1CB2CE712297D408009F67CB /* Release */ = {
			isa = XCBuildConfiguration;
			baseConfigurationReference = 018906D4C195AF888A3D94DF /* Pods-contacts.release.xcconfig */;
			buildSettings = {
				ASSETCATALOG_COMPILER_APPICON_NAME = AppIcon;
				CODE_SIGN_STYLE = Automatic;
				DEVELOPMENT_TEAM = T62JBBV3UG;
				INFOPLIST_FILE = contacts/Info.plist;
				IPHONEOS_DEPLOYMENT_TARGET = 11.0;
				LD_RUNPATH_SEARCH_PATHS = (
					"$(inherited)",
					"@executable_path/Frameworks",
				);
				PRODUCT_BUNDLE_IDENTIFIER = business.contacts;
				PRODUCT_NAME = "$(TARGET_NAME)";
				SWIFT_VERSION = 4.2;
				TARGETED_DEVICE_FAMILY = "1,2";
			};
			name = Release;
		};
		1CB2CE732297D408009F67CB /* Debug */ = {
			isa = XCBuildConfiguration;
			buildSettings = {
				ALWAYS_EMBED_SWIFT_STANDARD_LIBRARIES = YES;
				BUNDLE_LOADER = "$(TEST_HOST)";
				CODE_SIGN_STYLE = Automatic;
				DEVELOPMENT_TEAM = T62JBBV3UG;
				INFOPLIST_FILE = contactsTests/Info.plist;
				LD_RUNPATH_SEARCH_PATHS = (
					"$(inherited)",
					"@executable_path/Frameworks",
					"@loader_path/Frameworks",
				);
				PRODUCT_BUNDLE_IDENTIFIER = business.contactsTests;
				PRODUCT_NAME = "$(TARGET_NAME)";
				SWIFT_VERSION = 4.2;
				TARGETED_DEVICE_FAMILY = "1,2";
				TEST_HOST = "$(BUILT_PRODUCTS_DIR)/contacts.app/contacts";
			};
			name = Debug;
		};
		1CB2CE742297D408009F67CB /* Release */ = {
			isa = XCBuildConfiguration;
			buildSettings = {
				ALWAYS_EMBED_SWIFT_STANDARD_LIBRARIES = YES;
				BUNDLE_LOADER = "$(TEST_HOST)";
				CODE_SIGN_STYLE = Automatic;
				DEVELOPMENT_TEAM = T62JBBV3UG;
				INFOPLIST_FILE = contactsTests/Info.plist;
				LD_RUNPATH_SEARCH_PATHS = (
					"$(inherited)",
					"@executable_path/Frameworks",
					"@loader_path/Frameworks",
				);
				PRODUCT_BUNDLE_IDENTIFIER = business.contactsTests;
				PRODUCT_NAME = "$(TARGET_NAME)";
				SWIFT_VERSION = 4.2;
				TARGETED_DEVICE_FAMILY = "1,2";
				TEST_HOST = "$(BUILT_PRODUCTS_DIR)/contacts.app/contacts";
			};
			name = Release;
		};
		1CB2CE762297D408009F67CB /* Debug */ = {
			isa = XCBuildConfiguration;
			buildSettings = {
				ALWAYS_EMBED_SWIFT_STANDARD_LIBRARIES = YES;
				CODE_SIGN_STYLE = Automatic;
				DEVELOPMENT_TEAM = T62JBBV3UG;
				INFOPLIST_FILE = contactsUITests/Info.plist;
				LD_RUNPATH_SEARCH_PATHS = (
					"$(inherited)",
					"@executable_path/Frameworks",
					"@loader_path/Frameworks",
				);
				PRODUCT_BUNDLE_IDENTIFIER = business.contactsUITests;
				PRODUCT_NAME = "$(TARGET_NAME)";
				SWIFT_VERSION = 4.2;
				TARGETED_DEVICE_FAMILY = "1,2";
				TEST_TARGET_NAME = contacts;
			};
			name = Debug;
		};
		1CB2CE772297D408009F67CB /* Release */ = {
			isa = XCBuildConfiguration;
			buildSettings = {
				ALWAYS_EMBED_SWIFT_STANDARD_LIBRARIES = YES;
				CODE_SIGN_STYLE = Automatic;
				DEVELOPMENT_TEAM = T62JBBV3UG;
				INFOPLIST_FILE = contactsUITests/Info.plist;
				LD_RUNPATH_SEARCH_PATHS = (
					"$(inherited)",
					"@executable_path/Frameworks",
					"@loader_path/Frameworks",
				);
				PRODUCT_BUNDLE_IDENTIFIER = business.contactsUITests;
				PRODUCT_NAME = "$(TARGET_NAME)";
				SWIFT_VERSION = 4.2;
				TARGETED_DEVICE_FAMILY = "1,2";
				TEST_TARGET_NAME = contacts;
			};
			name = Release;
		};
/* End XCBuildConfiguration section */

/* Begin XCConfigurationList section */
		1CB2CE422297D408009F67CB /* Build configuration list for PBXProject "contacts" */ = {
			isa = XCConfigurationList;
			buildConfigurations = (
				1CB2CE6D2297D408009F67CB /* Debug */,
				1CB2CE6E2297D408009F67CB /* Release */,
			);
			defaultConfigurationIsVisible = 0;
			defaultConfigurationName = Release;
		};
		1CB2CE6F2297D408009F67CB /* Build configuration list for PBXNativeTarget "contacts" */ = {
			isa = XCConfigurationList;
			buildConfigurations = (
				1CB2CE702297D408009F67CB /* Debug */,
				1CB2CE712297D408009F67CB /* Release */,
			);
			defaultConfigurationIsVisible = 0;
			defaultConfigurationName = Release;
		};
		1CB2CE722297D408009F67CB /* Build configuration list for PBXNativeTarget "contactsTests" */ = {
			isa = XCConfigurationList;
			buildConfigurations = (
				1CB2CE732297D408009F67CB /* Debug */,
				1CB2CE742297D408009F67CB /* Release */,
			);
			defaultConfigurationIsVisible = 0;
			defaultConfigurationName = Release;
		};
		1CB2CE752297D408009F67CB /* Build configuration list for PBXNativeTarget "contactsUITests" */ = {
			isa = XCConfigurationList;
			buildConfigurations = (
				1CB2CE762297D408009F67CB /* Debug */,
				1CB2CE772297D408009F67CB /* Release */,
			);
			defaultConfigurationIsVisible = 0;
			defaultConfigurationName = Release;
		};
/* End XCConfigurationList section */
	};
	rootObject = 1CB2CE3F2297D408009F67CB /* Project object */;
}
